
Microsoft Visual Studio Solution File, Format Version 12.00
# Visual Studio Version 17
VisualStudioVersion = 17.7.34221.43
MinimumVisualStudioVersion = 10.0.40219.1
Project("{9A19103F-16F7-4668-BE54-9A1E7A4F7556}") = "OperacoesMatematicas", "OperacoesMatematicas.csproj", "{A05EC007-7BE1-410B-9A91-3D6B63BD5786}"
EndProject
Project("{9A19103F-16F7-4668-BE54-9A1E7A4F7556}") = "OperacoesMatematicas.Tests", "..\OperacoesMatematicas.Tests\OperacoesMatematicas.Tests.csproj", "{422A13D2-E2AC-481D-9ED3-804B1C2F0557}"
EndProject
Global
	GlobalSection(SolutionConfigurationPlatforms) = preSolution
		Debug|Any CPU = Debug|Any CPU
		Release|Any CPU = Release|Any CPU
	EndGlobalSection
	GlobalSection(ProjectConfigurationPlatforms) = postSolution
		{A05EC007-7BE1-410B-9A91-3D6B63BD5786}.Debug|Any CPU.ActiveCfg = Debug|Any CPU
		{A05EC007-7BE1-410B-9A91-3D6B63BD5786}.Debug|Any CPU.Build.0 = Debug|Any CPU
		{A05EC007-7BE1-410B-9A91-3D6B63BD5786}.Release|Any CPU.ActiveCfg = Release|Any CPU
		{A05EC007-7BE1-410B-9A91-3D6B63BD5786}.Release|Any CPU.Build.0 = Release|Any CPU
		{422A13D2-E2AC-481D-9ED3-804B1C2F0557}.Debug|Any CPU.ActiveCfg = Debug|Any CPU
		{422A13D2-E2AC-481D-9ED3-804B1C2F0557}.Debug|Any CPU.Build.0 = Debug|Any CPU
		{422A13D2-E2AC-481D-9ED3-804B1C2F0557}.Release|Any CPU.ActiveCfg = Release|Any CPU
		{422A13D2-E2AC-481D-9ED3-804B1C2F0557}.Release|Any CPU.Build.0 = Release|Any CPU
	EndGlobalSection
	GlobalSection(SolutionProperties) = preSolution
		HideSolutionNode = FALSE
	EndGlobalSection
	GlobalSection(ExtensibilityGlobals) = postSolution
		SolutionGuid = {E5D5CB1A-160A-46B0-B133-CC72291B6DB1}
	EndGlobalSection
EndGlobal
